
Microsoft Visual Studio Solution File, Format Version 12.00
# Visual Studio Version 17
VisualStudioVersion = 17.1.32328.378
MinimumVisualStudioVersion = 10.0.40219.1
Project("{FAE04EC0-301F-11D3-BF4B-00C04F79EFBC}") = "GarbageCollectionDemo", "GarbageCollectionDemo.csproj", "{B3A93DB8-CA43-4F1E-B013-2A8180A0BD48}"
EndProject
Global
	GlobalSection(SolutionConfigurationPlatforms) = preSolution
		Debug|Any CPU = Debug|Any CPU
		Release|Any CPU = Release|Any CPU
	EndGlobalSection
	GlobalSection(ProjectConfigurationPlatforms) = postSolution
		{B3A93DB8-CA43-4F1E-B013-2A8180A0BD48}.Debug|Any CPU.ActiveCfg = Debug|Any CPU
		{B3A93DB8-CA43-4F1E-B013-2A8180A0BD48}.Debug|Any CPU.Build.0 = Debug|Any CPU
		{B3A93DB8-CA43-4F1E-B013-2A8180A0BD48}.Release|Any CPU.ActiveCfg = Release|Any CPU
		{B3A93DB8-CA43-4F1E-B013-2A8180A0BD48}.Release|Any CPU.Build.0 = Release|Any CPU
	EndGlobalSection
	GlobalSection(SolutionProperties) = preSolution
		HideSolutionNode = FALSE
	EndGlobalSection
	GlobalSection(ExtensibilityGlobals) = postSolution
		SolutionGuid = {0BF3A207-8E78-40E1-865F-B18ADF73A075}
	EndGlobalSection
EndGlobal
